<?xml version="1.0" encoding="utf-8"?>
<Project ToolsVersion="4.0" xmlns="http://schemas.microsoft.com/developer/msbuild/2003">
  <ItemGroup>
    <Filter Include="Source Files">
      <UniqueIdentifier>{4FC737F1-C7A5-4376-A066-2A32D752A2FF}</UniqueIdentifier>
      <Extensions>cpp;c;cc;cxx;def;odl;idl;hpj;bat;asm;asmx</Extensions>
    </Filter>
    <Filter Include="Header Files">
      <UniqueIdentifier>{93995380-89BD-4b04-88EB-625FBE52EBFB}</UniqueIdentifier>
      <Extensions>h;hh;hpp;hxx;hm;inl;inc;ipp;xsd</Extensions>
    </Filter>
    <Filter Include="Resource Files">
      <UniqueIdentifier>{67DA6AB6-F800-4c08-8B7A-83BB121AAD01}</UniqueIdentifier>
      <Extensions>rc;ico;cur;bmp;dlg;rc2;rct;bin;rgs;gif;jpg;jpeg;jpe;resx;tiff;tif;png;wav;mfcribbon-ms</Extensions>
    </Filter>
    <Filter Include="Shaders">
      <UniqueIdentifier>{4859b5b8-137b-44f0-92c6-b6e3fd3d872f}</UniqueIdentifier>
    </Filter>
    <Filter Include="Header Files\EngineCore">
      <UniqueIdentifier>{e41eaca2-80f0-457b-9fcf-2046ef373499}</UniqueIdentifier>
    </Filter>
    <Filter Include="Source Files\EngineCore">
      <UniqueIdentifier>{318eac55-5a00-4583-9795-49848d0394a8}</UniqueIdentifier>
    </Filter>
  </ItemGroup>
  <ItemGroup>
    <ClCompile Include="Engine\Physics\BoundingBox.cpp">
      <Filter>Source Files\EngineCore</Filter>
    </ClCompile>
    <ClCompile Include="Engine\Core\Camera.cpp">
      <Filter>Source Files\EngineCore</Filter>
    </ClCompile>
    <ClCompile Include="Engine\Physics\CollisionManager.cpp">
      <Filter>Source Files\EngineCore</Filter>
    </ClCompile>
    <ClCompile Include="Game\Entities\GameObject.cpp">
      <Filter>Source Files</Filter>
    </ClCompile>
    <ClCompile Include="Game\Scenes\Game2D.cpp">
      <Filter>Source Files</Filter>
    </ClCompile>
    <ClCompile Include="Engine\Utils\ObjectManager.cpp">
      <Filter>Source Files\EngineCore</Filter>
    </ClCompile>
    <ClCompile Include="Engine\Physics\PhysicsScene.cpp">
      <Filter>Source Files\EngineCore</Filter>
    </ClCompile>
    <ClCompile Include="Engine\Rendering\Quad.cpp">
      <Filter>Source Files\EngineCore</Filter>
    </ClCompile>
    <ClCompile Include="Engine\Rendering\Renderer2D.cpp">
      <Filter>Source Files\EngineCore</Filter>
    </ClCompile>
    <ClCompile Include="Engine\Physics\RigidBody.cpp">
      <Filter>Source Files\EngineCore</Filter>
    </ClCompile>
    <ClCompile Include="Engine\Rendering\Shader.cpp">
      <Filter>Source Files\EngineCore</Filter>
    </ClCompile>
    <ClCompile Include="Engine\Resources\ResourceManager.cpp">
      <Filter>Source Files\EngineCore</Filter>
    </ClCompile>
    <ClCompile Include="Game\Scenes\SlimeCore2D.cpp">
      <Filter>Source Files</Filter>
    </ClCompile>
    <ClCompile Include="Engine\Rendering\Texture.cpp">
      <Filter>Source Files\EngineCore</Filter>
    </ClCompile>
    <ClCompile Include="Engine\Core\Window.cpp">
      <Filter>Source Files\EngineCore</Filter>
    </ClCompile>
    <ClCompile Include="Engine\Core\Input.cpp">
      <Filter>Source Files\EngineCore</Filter>
    </ClCompile>
    <ClCompile Include="Engine\Rendering\Sprite.cpp">
      <Filter>Source Files\EngineCore</Filter>
    </ClCompile>
    <ClCompile Include="Game\Entities\Snake.cpp">
      <Filter>Source Files</Filter>
    </ClCompile>
    <ClCompile Include="Game\Entities\Cell.cpp">
      <Filter>Source Files</Filter>
    </ClCompile>
    <ClCompile Include="Engine\Rendering\Text.cpp">
      <Filter>Source Files</Filter>
    </ClCompile>
  </ItemGroup>
  <ItemGroup>
    <ClInclude Include="Engine\Physics\BoundingBox.h">
      <Filter>Header Files\EngineCore</Filter>
    </ClInclude>
    <ClInclude Include="Engine\Core\Camera.h">
      <Filter>Header Files\EngineCore</Filter>
    </ClInclude>
    <ClInclude Include="Engine\Physics\CollisionManager.h">
      <Filter>Header Files\EngineCore</Filter>
    </ClInclude>
    <ClInclude Include="Game\Scenes\Game2D.h">
      <Filter>Header Files</Filter>
    </ClInclude>
    <ClInclude Include="Engine\Core\Keycode.h">
      <Filter>Header Files\EngineCore</Filter>
    </ClInclude>
    <ClInclude Include="Engine\Utils\ObjectManager.h">
      <Filter>Header Files\EngineCore</Filter>
    </ClInclude>
    <ClInclude Include="Engine\Physics\PhysicsScene.h">
      <Filter>Header Files\EngineCore</Filter>
    </ClInclude>
    <ClInclude Include="Engine\Rendering\Quad.h">
      <Filter>Header Files\EngineCore</Filter>
    </ClInclude>
    <ClInclude Include="Engine\Rendering\Renderer2D.h">
      <Filter>Header Files\EngineCore</Filter>
    </ClInclude>
    <ClInclude Include="Engine\Physics\RigidBody.h">
      <Filter>Header Files\EngineCore</Filter>
    </ClInclude>
    <ClInclude Include="Engine\Rendering\Shader.h">
      <Filter>Header Files\EngineCore</Filter>
    </ClInclude>
    <ClInclude Include="Engine\Resources\ResourceManager.h">
      <Filter>Header Files\EngineCore</Filter>
    </ClInclude>
    <ClInclude Include="Engine\Rendering\Texture.h">
      <Filter>Header Files\EngineCore</Filter>
    </ClInclude>
    <ClInclude Include="Engine\Core\Window.h">
      <Filter>Header Files\EngineCore</Filter>
    </ClInclude>
    <ClInclude Include="Game\Entities\GameObject.h">
      <Filter>Header Files</Filter>
    </ClInclude>
    <ClInclude Include="Engine\Core\Input.h">
      <Filter>Header Files\EngineCore</Filter>
    </ClInclude>
    <ClInclude Include="Engine\Rendering\Sprite.h">
      <Filter>Header Files\EngineCore</Filter>
    </ClInclude>
    <ClInclude Include="Engine\Core\Math.h">
      <Filter>Header Files</Filter>
    </ClInclude>
    <ClInclude Include="Game\Entities\Snake.h">
      <Filter>Header Files</Filter>
    </ClInclude>
    <ClInclude Include="Game\Entities\Cell.h">
      <Filter>Header Files</Filter>
    </ClInclude>
    <ClInclude Include="Engine\Rendering\Text.h">
      <Filter>Header Files</Filter>
    </ClInclude>
  </ItemGroup>
  <ItemGroup>
    <None Include="Game\Resources\Shaders\BasicVertex.shader">
      <Filter>Shaders</Filter>
    </None>
    <None Include="Game\Resources\Shaders\BasicFragment.shader">
      <Filter>Shaders</Filter>
    </None>
    <None Include="Game\Resources\Shaders\UIFragment.shader">
      <Filter>Shaders</Filter>
    </None>
    <None Include="Game\Resources\Shaders\UIVertex.shader">
      <Filter>Shaders</Filter>
    </None>
    <None Include="Game\Resources\Shaders\textVert.shader">
      <Filter>Shaders</Filter>
    </None>
    <None Include="Game\Resources\Shaders\textFrag.shader">
      <Filter>Shaders</Filter>
    </None>
  </ItemGroup>
</Project>